
Microsoft Visual Studio Solution File, Format Version 12.00
# Visual Studio Version 16
VisualStudioVersion = 16.0.30907.101
MinimumVisualStudioVersion = 10.0.40219.1
Project("{FAE04EC0-301F-11D3-BF4B-00C04F79EFBC}") = "VizTest", "VizTest\VizTest.csproj", "{C5ED948A-C4CB-4C4D-9625-EBBA55F9E3F1}"
EndProject
Global
	GlobalSection(SolutionConfigurationPlatforms) = preSolution
		Debug|Any CPU = Debug|Any CPU
		Release|Any CPU = Release|Any CPU
	EndGlobalSection
	GlobalSection(ProjectConfigurationPlatforms) = postSolution
		{C5ED948A-C4CB-4C4D-9625-EBBA55F9E3F1}.Debug|Any CPU.ActiveCfg = Debug|Any CPU
		{C5ED948A-C4CB-4C4D-9625-EBBA55F9E3F1}.Debug|Any CPU.Build.0 = Debug|Any CPU
		{C5ED948A-C4CB-4C4D-9625-EBBA55F9E3F1}.Release|Any CPU.ActiveCfg = Release|Any CPU
		{C5ED948A-C4CB-4C4D-9625-EBBA55F9E3F1}.Release|Any CPU.Build.0 = Release|Any CPU
	EndGlobalSection
	GlobalSection(SolutionProperties) = preSolution
		HideSolutionNode = FALSE
	EndGlobalSection
	GlobalSection(ExtensibilityGlobals) = postSolution
		SolutionGuid = {E3F58BD9-97C8-482F-BD50-01E39BDD0223}
	EndGlobalSection
EndGlobal
